
Microsoft Visual Studio Solution File, Format Version 12.00
# Visual Studio Version 17
VisualStudioVersion = 17.11.35327.3
MinimumVisualStudioVersion = 10.0.40219.1
Project("{2150E333-8FDC-42A3-9474-1A3956D46DE8}") = "src", "src", "{EA9125E8-B9AB-4D6B-986B-1A81ED3DA6D6}"
EndProject
Project("{2150E333-8FDC-42A3-9474-1A3956D46DE8}") = "Services", "Services", "{986AF2A4-022E-420C-B5C9-26D36829C0CF}"
EndProject
Project("{2150E333-8FDC-42A3-9474-1A3956D46DE8}") = "Catalog", "Catalog", "{8AFF12CE-78CE-4F8D-BAD0-6CC18893B59F}"
EndProject
Project("{9A19103F-16F7-4668-BE54-9A1E7A4F7556}") = "Catalog.API", "src\Services\Catalog\Catalog.API\Catalog.API.csproj", "{F3159B94-416A-4E71-990E-C972D484C928}"
EndProject
Project("{2150E333-8FDC-42A3-9474-1A3956D46DE8}") = "Solution Items", "Solution Items", "{E10E4961-6A1A-47DD-8B88-9419C260CD12}"
	ProjectSection(SolutionItems) = preProject
		CQRS.md = CQRS.md
		MediatorPattern.md = MediatorPattern.md
	EndProjectSection
EndProject
Project("{2150E333-8FDC-42A3-9474-1A3956D46DE8}") = "BuildingBlocks", "BuildingBlocks", "{8958F8D0-9735-4E0A-8FE3-FBBB734A07A0}"
EndProject
Project("{9A19103F-16F7-4668-BE54-9A1E7A4F7556}") = "BuildingBlocks", "src\BuildingBlocks\BuildingBlocks\BuildingBlocks.csproj", "{B8F647F3-4AE4-429E-B8FD-04A713E79C24}"
EndProject
Project("{E53339B2-1760-4266-BCC7-CA923CBCF16C}") = "docker-compose", "docker-compose.dcproj", "{EA2193F2-64B3-4756-9E31-C5F1E9645797}"
EndProject
Global
	GlobalSection(SolutionConfigurationPlatforms) = preSolution
		Debug|Any CPU = Debug|Any CPU
		Release|Any CPU = Release|Any CPU
	EndGlobalSection
	GlobalSection(ProjectConfigurationPlatforms) = postSolution
		{F3159B94-416A-4E71-990E-C972D484C928}.Debug|Any CPU.ActiveCfg = Debug|Any CPU
		{F3159B94-416A-4E71-990E-C972D484C928}.Debug|Any CPU.Build.0 = Debug|Any CPU
		{F3159B94-416A-4E71-990E-C972D484C928}.Release|Any CPU.ActiveCfg = Release|Any CPU
		{F3159B94-416A-4E71-990E-C972D484C928}.Release|Any CPU.Build.0 = Release|Any CPU
		{B8F647F3-4AE4-429E-B8FD-04A713E79C24}.Debug|Any CPU.ActiveCfg = Debug|Any CPU
		{B8F647F3-4AE4-429E-B8FD-04A713E79C24}.Debug|Any CPU.Build.0 = Debug|Any CPU
		{B8F647F3-4AE4-429E-B8FD-04A713E79C24}.Release|Any CPU.ActiveCfg = Release|Any CPU
		{B8F647F3-4AE4-429E-B8FD-04A713E79C24}.Release|Any CPU.Build.0 = Release|Any CPU
		{EA2193F2-64B3-4756-9E31-C5F1E9645797}.Debug|Any CPU.ActiveCfg = Debug|Any CPU
		{EA2193F2-64B3-4756-9E31-C5F1E9645797}.Debug|Any CPU.Build.0 = Debug|Any CPU
		{EA2193F2-64B3-4756-9E31-C5F1E9645797}.Release|Any CPU.ActiveCfg = Release|Any CPU
		{EA2193F2-64B3-4756-9E31-C5F1E9645797}.Release|Any CPU.Build.0 = Release|Any CPU
	EndGlobalSection
	GlobalSection(SolutionProperties) = preSolution
		HideSolutionNode = FALSE
	EndGlobalSection
	GlobalSection(NestedProjects) = preSolution
		{986AF2A4-022E-420C-B5C9-26D36829C0CF} = {EA9125E8-B9AB-4D6B-986B-1A81ED3DA6D6}
		{8AFF12CE-78CE-4F8D-BAD0-6CC18893B59F} = {986AF2A4-022E-420C-B5C9-26D36829C0CF}
		{F3159B94-416A-4E71-990E-C972D484C928} = {8AFF12CE-78CE-4F8D-BAD0-6CC18893B59F}
		{8958F8D0-9735-4E0A-8FE3-FBBB734A07A0} = {EA9125E8-B9AB-4D6B-986B-1A81ED3DA6D6}
		{B8F647F3-4AE4-429E-B8FD-04A713E79C24} = {8958F8D0-9735-4E0A-8FE3-FBBB734A07A0}
	EndGlobalSection
	GlobalSection(ExtensibilityGlobals) = postSolution
		SolutionGuid = {823D5068-06BF-4372-B182-9FC0FC92BC40}
	EndGlobalSection
EndGlobal
